
Microsoft Visual Studio Solution File, Format Version 12.00
# Visual Studio 15
VisualStudioVersion = 15.0.27703.2000
MinimumVisualStudioVersion = 10.0.40219.1
Project("{2150E333-8FDC-42A3-9474-1A3956D46DE8}") = "Solution Items", "Solution Items", "{B358A960-356B-47CD-8E66-C275F15BF893}"
	ProjectSection(SolutionItems) = preProject
		License.txt = License.txt
		buildscripts\TestAssemblyInfo.cs = buildscripts\TestAssemblyInfo.cs
	EndProjectSection
EndProject
Project("{9A19103F-16F7-4668-BE54-9A1E7A4F7556}") = "DryIoc.Transactions.Tests", "src\DryIoc.Transactions.Tests\DryIoc.Transactions.Tests.csproj", "{67CDFD3A-450F-4CD4-9401-EF15361E2713}"
EndProject
Project("{9A19103F-16F7-4668-BE54-9A1E7A4F7556}") = "DryIoc.Facilities.AutoTx", "src\DryIoc.Facilities.AutoTx\DryIoc.Facilities.AutoTx.csproj", "{C19A20DD-8F32-44EF-9B68-43C70677F92D}"
EndProject
Project("{9A19103F-16F7-4668-BE54-9A1E7A4F7556}") = "DryIoc.Transactions", "src\DryIoc.Transactions\DryIoc.Transactions.csproj", "{76DF5D09-FC04-411F-B123-01A6B9432796}"
EndProject
Project("{9A19103F-16F7-4668-BE54-9A1E7A4F7556}") = "DryIoc.Facilities.AutoTx.Tests", "src\DryIoc.Facilities.AutoTx.Tests\DryIoc.Facilities.AutoTx.Tests.csproj", "{BBDD1C0A-67E9-48C7-9A14-69CB8B158549}"
EndProject
Project("{9A19103F-16F7-4668-BE54-9A1E7A4F7556}") = "DryIoc.Facilities.NHibernate", "src\DryIoc.Facilities.NHibernate\DryIoc.Facilities.NHibernate.csproj", "{EA0C04B7-679C-4DDB-921F-F5ED3BA13FBD}"
EndProject
Project("{9A19103F-16F7-4668-BE54-9A1E7A4F7556}") = "DryIoc.Facilities.NHibernate.Tests", "src\DryIoc.Facilities.NHibernate.Tests\DryIoc.Facilities.NHibernate.Tests.csproj", "{EB6B9C42-5D2D-469B-9E27-F0730A7ED4D2}"
EndProject
Project("{2150E333-8FDC-42A3-9474-1A3956D46DE8}") = "Samples", "Samples", "{7DF64674-D6C1-4D7A-BD6B-D5741CE670A3}"
EndProject
Project("{FAE04EC0-301F-11D3-BF4B-00C04F79EFBC}") = "DryIoc.Facilities.NHibernate.ExampleConsoleApp", "src\DryIoc.Facilities.NHibernate.ExampleConsoleApp\DryIoc.Facilities.NHibernate.ExampleConsoleApp.csproj", "{9B977E07-808A-4773-B378-EB3665679082}"
EndProject
Project("{9A19103F-16F7-4668-BE54-9A1E7A4F7556}") = "DryIoc.Facilities.EFCore", "src\DryIoc.Facilities.EFCore\DryIoc.Facilities.EFCore.csproj", "{3B328D3C-7892-43FF-A98F-D3E9BFFD0272}"
EndProject
Project("{9A19103F-16F7-4668-BE54-9A1E7A4F7556}") = "DryIoc.Facilities.EFCore.Tests", "src\DryIoc.Facilities.EFCore.Tests\DryIoc.Facilities.EFCore.Tests.csproj", "{9485AFB1-C66E-4CE3-90D2-0B1B27E9B796}"
EndProject
Project("{FAE04EC0-301F-11D3-BF4B-00C04F79EFBC}") = "DryIoc.EFCore.Sqlite", "src\DryIoc.EFCore.Sqlite\DryIoc.EFCore.Sqlite.csproj", "{F3AD4CEE-8B19-4277-80BC-5770C7DC2AB9}"
EndProject
Global
	GlobalSection(SolutionConfigurationPlatforms) = preSolution
		Debug|Any CPU = Debug|Any CPU
		Release|Any CPU = Release|Any CPU
	EndGlobalSection
	GlobalSection(ProjectConfigurationPlatforms) = postSolution
		{67CDFD3A-450F-4CD4-9401-EF15361E2713}.Debug|Any CPU.ActiveCfg = Debug|Any CPU
		{67CDFD3A-450F-4CD4-9401-EF15361E2713}.Debug|Any CPU.Build.0 = Debug|Any CPU
		{67CDFD3A-450F-4CD4-9401-EF15361E2713}.Release|Any CPU.ActiveCfg = Release|Any CPU
		{67CDFD3A-450F-4CD4-9401-EF15361E2713}.Release|Any CPU.Build.0 = Release|Any CPU
		{C19A20DD-8F32-44EF-9B68-43C70677F92D}.Debug|Any CPU.ActiveCfg = Debug|Any CPU
		{C19A20DD-8F32-44EF-9B68-43C70677F92D}.Debug|Any CPU.Build.0 = Debug|Any CPU
		{C19A20DD-8F32-44EF-9B68-43C70677F92D}.Release|Any CPU.ActiveCfg = Release|Any CPU
		{C19A20DD-8F32-44EF-9B68-43C70677F92D}.Release|Any CPU.Build.0 = Release|Any CPU
		{76DF5D09-FC04-411F-B123-01A6B9432796}.Debug|Any CPU.ActiveCfg = Debug|Any CPU
		{76DF5D09-FC04-411F-B123-01A6B9432796}.Debug|Any CPU.Build.0 = Debug|Any CPU
		{76DF5D09-FC04-411F-B123-01A6B9432796}.Release|Any CPU.ActiveCfg = Release|Any CPU
		{76DF5D09-FC04-411F-B123-01A6B9432796}.Release|Any CPU.Build.0 = Release|Any CPU
		{BBDD1C0A-67E9-48C7-9A14-69CB8B158549}.Debug|Any CPU.ActiveCfg = Debug|Any CPU
		{BBDD1C0A-67E9-48C7-9A14-69CB8B158549}.Debug|Any CPU.Build.0 = Debug|Any CPU
		{BBDD1C0A-67E9-48C7-9A14-69CB8B158549}.Release|Any CPU.ActiveCfg = Release|Any CPU
		{BBDD1C0A-67E9-48C7-9A14-69CB8B158549}.Release|Any CPU.Build.0 = Release|Any CPU
		{EA0C04B7-679C-4DDB-921F-F5ED3BA13FBD}.Debug|Any CPU.ActiveCfg = Debug|Any CPU
		{EA0C04B7-679C-4DDB-921F-F5ED3BA13FBD}.Debug|Any CPU.Build.0 = Debug|Any CPU
		{EA0C04B7-679C-4DDB-921F-F5ED3BA13FBD}.Release|Any CPU.ActiveCfg = Release|Any CPU
		{EA0C04B7-679C-4DDB-921F-F5ED3BA13FBD}.Release|Any CPU.Build.0 = Release|Any CPU
		{EB6B9C42-5D2D-469B-9E27-F0730A7ED4D2}.Debug|Any CPU.ActiveCfg = Debug|Any CPU
		{EB6B9C42-5D2D-469B-9E27-F0730A7ED4D2}.Debug|Any CPU.Build.0 = Debug|Any CPU
		{EB6B9C42-5D2D-469B-9E27-F0730A7ED4D2}.Release|Any CPU.ActiveCfg = Release|Any CPU
		{EB6B9C42-5D2D-469B-9E27-F0730A7ED4D2}.Release|Any CPU.Build.0 = Release|Any CPU
		{9B977E07-808A-4773-B378-EB3665679082}.Debug|Any CPU.ActiveCfg = Debug|Any CPU
		{9B977E07-808A-4773-B378-EB3665679082}.Debug|Any CPU.Build.0 = Debug|Any CPU
		{9B977E07-808A-4773-B378-EB3665679082}.Release|Any CPU.ActiveCfg = Release|Any CPU
		{9B977E07-808A-4773-B378-EB3665679082}.Release|Any CPU.Build.0 = Release|Any CPU
		{3B328D3C-7892-43FF-A98F-D3E9BFFD0272}.Debug|Any CPU.ActiveCfg = Debug|Any CPU
		{3B328D3C-7892-43FF-A98F-D3E9BFFD0272}.Debug|Any CPU.Build.0 = Debug|Any CPU
		{3B328D3C-7892-43FF-A98F-D3E9BFFD0272}.Release|Any CPU.ActiveCfg = Release|Any CPU
		{3B328D3C-7892-43FF-A98F-D3E9BFFD0272}.Release|Any CPU.Build.0 = Release|Any CPU
		{9485AFB1-C66E-4CE3-90D2-0B1B27E9B796}.Debug|Any CPU.ActiveCfg = Debug|Any CPU
		{9485AFB1-C66E-4CE3-90D2-0B1B27E9B796}.Debug|Any CPU.Build.0 = Debug|Any CPU
		{9485AFB1-C66E-4CE3-90D2-0B1B27E9B796}.Release|Any CPU.ActiveCfg = Release|Any CPU
		{9485AFB1-C66E-4CE3-90D2-0B1B27E9B796}.Release|Any CPU.Build.0 = Release|Any CPU
		{F3AD4CEE-8B19-4277-80BC-5770C7DC2AB9}.Debug|Any CPU.ActiveCfg = Debug|Any CPU
		{F3AD4CEE-8B19-4277-80BC-5770C7DC2AB9}.Debug|Any CPU.Build.0 = Debug|Any CPU
		{F3AD4CEE-8B19-4277-80BC-5770C7DC2AB9}.Release|Any CPU.ActiveCfg = Release|Any CPU
		{F3AD4CEE-8B19-4277-80BC-5770C7DC2AB9}.Release|Any CPU.Build.0 = Release|Any CPU
	EndGlobalSection
	GlobalSection(SolutionProperties) = preSolution
		HideSolutionNode = FALSE
	EndGlobalSection
	GlobalSection(NestedProjects) = preSolution
		{9B977E07-808A-4773-B378-EB3665679082} = {7DF64674-D6C1-4D7A-BD6B-D5741CE670A3}
	EndGlobalSection
	GlobalSection(ExtensibilityGlobals) = postSolution
		SolutionGuid = {C6675926-9666-4D4A-AE48-05F41DBE8908}
	EndGlobalSection
EndGlobal
